
Microsoft Visual Studio Solution File, Format Version 12.00
# Visual Studio Version 17
VisualStudioVersion = 17.0.31903.59
MinimumVisualStudioVersion = 10.0.40219.1
Project("{2150E333-8FDC-42A3-9474-1A3956D46DE8}") = "src", "src", "{F5F11B66-A5A2-4C9E-8FE5-E19EF379C2D4}"
EndProject
Project("{FAE04EC0-301F-11D3-BF4B-00C04F79EFBC}") = "Domain", "src\Domain\Domain.csproj", "{797F123D-6A46-454F-AC4F-A36AD3F57906}"
EndProject
Project("{FAE04EC0-301F-11D3-BF4B-00C04F79EFBC}") = "Infra", "src\Infra\Infra.csproj", "{3BDB408A-FB35-4B88-8287-D5433518F9BC}"
EndProject
Project("{FAE04EC0-301F-11D3-BF4B-00C04F79EFBC}") = "Core", "src\Core\Core.csproj", "{B1F66FD3-EA24-4388-BB06-E78D475003AF}"
EndProject
Project("{FAE04EC0-301F-11D3-BF4B-00C04F79EFBC}") = "Presentation", "src\Presentation\Presentation.csproj", "{04AF1464-2787-4ADC-9057-5187991A8C38}"
EndProject
Global
	GlobalSection(SolutionConfigurationPlatforms) = preSolution
		Debug|Any CPU = Debug|Any CPU
		Release|Any CPU = Release|Any CPU
	EndGlobalSection
	GlobalSection(SolutionProperties) = preSolution
		HideSolutionNode = FALSE
	EndGlobalSection
	GlobalSection(ProjectConfigurationPlatforms) = postSolution
		{797F123D-6A46-454F-AC4F-A36AD3F57906}.Debug|Any CPU.ActiveCfg = Debug|Any CPU
		{797F123D-6A46-454F-AC4F-A36AD3F57906}.Debug|Any CPU.Build.0 = Debug|Any CPU
		{797F123D-6A46-454F-AC4F-A36AD3F57906}.Release|Any CPU.ActiveCfg = Release|Any CPU
		{797F123D-6A46-454F-AC4F-A36AD3F57906}.Release|Any CPU.Build.0 = Release|Any CPU
		{3BDB408A-FB35-4B88-8287-D5433518F9BC}.Debug|Any CPU.ActiveCfg = Debug|Any CPU
		{3BDB408A-FB35-4B88-8287-D5433518F9BC}.Debug|Any CPU.Build.0 = Debug|Any CPU
		{3BDB408A-FB35-4B88-8287-D5433518F9BC}.Release|Any CPU.ActiveCfg = Release|Any CPU
		{3BDB408A-FB35-4B88-8287-D5433518F9BC}.Release|Any CPU.Build.0 = Release|Any CPU
		{B1F66FD3-EA24-4388-BB06-E78D475003AF}.Debug|Any CPU.ActiveCfg = Debug|Any CPU
		{B1F66FD3-EA24-4388-BB06-E78D475003AF}.Debug|Any CPU.Build.0 = Debug|Any CPU
		{B1F66FD3-EA24-4388-BB06-E78D475003AF}.Release|Any CPU.ActiveCfg = Release|Any CPU
		{B1F66FD3-EA24-4388-BB06-E78D475003AF}.Release|Any CPU.Build.0 = Release|Any CPU
		{04AF1464-2787-4ADC-9057-5187991A8C38}.Debug|Any CPU.ActiveCfg = Debug|Any CPU
		{04AF1464-2787-4ADC-9057-5187991A8C38}.Debug|Any CPU.Build.0 = Debug|Any CPU
		{04AF1464-2787-4ADC-9057-5187991A8C38}.Release|Any CPU.ActiveCfg = Release|Any CPU
		{04AF1464-2787-4ADC-9057-5187991A8C38}.Release|Any CPU.Build.0 = Release|Any CPU
	EndGlobalSection
	GlobalSection(NestedProjects) = preSolution
		{797F123D-6A46-454F-AC4F-A36AD3F57906} = {F5F11B66-A5A2-4C9E-8FE5-E19EF379C2D4}
		{3BDB408A-FB35-4B88-8287-D5433518F9BC} = {F5F11B66-A5A2-4C9E-8FE5-E19EF379C2D4}
		{B1F66FD3-EA24-4388-BB06-E78D475003AF} = {F5F11B66-A5A2-4C9E-8FE5-E19EF379C2D4}
		{04AF1464-2787-4ADC-9057-5187991A8C38} = {F5F11B66-A5A2-4C9E-8FE5-E19EF379C2D4}
	EndGlobalSection
EndGlobal
